# THIS IS AN AUTOGENERATED FILE. DO NOT EDIT THIS FILE DIRECTLY.
# yarn lockfile v1


"@thi.ng/api@^6.11.3":
  version "6.11.3"
  resolved "https://registry.yarnpkg.com/@thi.ng/api/-/api-6.11.3.tgz#3c0503a3e872a589e84f486ee398b46fbe6a3179"
  integrity sha512-0yIRdBQVu4arAKvMYG3hjWxjaFCZWOSryp/DNq2uLfMRBbsNkVu9GLH2ZHE4OWru/ggDwPeQHUeFD/TmXN423g==
  dependencies:
    tslib "^2.0.0"

"@thi.ng/arrays@^0.6.12":
  version "0.6.12"
  resolved "https://registry.yarnpkg.com/@thi.ng/arrays/-/arrays-0.6.12.tgz#94614e9c3968a2e5f3804acb9e3e5ba1949de94f"
  integrity sha512-Z6x5M4RJiJWO2p6aUN1siivR08JE01igjQEc837CPoZOqxM3zW+f+5bsW93BNhkGTIhvJzWXgHIwEgg4GWII8g==
  dependencies:
    "@thi.ng/api" "^6.11.3"
    "@thi.ng/checks" "^2.7.3"
    "@thi.ng/compare" "^1.3.11"
    "@thi.ng/equiv" "^1.0.26"
    "@thi.ng/errors" "^1.2.16"
    "@thi.ng/random" "^1.4.14"

"@thi.ng/associative@^4.4.1":
  version "4.4.1"
  resolved "https://registry.yarnpkg.com/@thi.ng/associative/-/associative-4.4.1.tgz#70849c41a14db0f1e421d8e448708e1352407137"
  integrity sha512-zNLXb/LaCH1aTonEgufCY/x3EGLTsO7Mq93TSr7PTBfXyyEY9Pd9BmuHTAXDP+t/pNVh4hhajkk5q/qEQ6V3iQ==
  dependencies:
    "@thi.ng/api" "^6.11.3"
    "@thi.ng/binary" "^2.0.10"
    "@thi.ng/checks" "^2.7.3"
    "@thi.ng/compare" "^1.3.11"
    "@thi.ng/dcons" "^2.2.25"
    "@thi.ng/equiv" "^1.0.26"
    "@thi.ng/errors" "^1.2.16"
    "@thi.ng/transducers" "^7.1.5"
    tslib "^2.0.0"

"@thi.ng/atom@^4.1.15":
  version "4.1.15"
  resolved "https://registry.yarnpkg.com/@thi.ng/atom/-/atom-4.1.15.tgz#932afe6d94ae45c952593895a4306d4faa0c3fe3"
  integrity sha512-mZWjQHCjwOuzYL9YmmVc0Cfk51+nAdn8zvb6XDqHw1YlXby+s3Tzd/OHIKlB31JB6Y/2dUsTF+Z4DJ3T/qDFfA==
  dependencies:
    "@thi.ng/api" "^6.11.3"
    "@thi.ng/equiv" "^1.0.26"
    "@thi.ng/errors" "^1.2.16"
    "@thi.ng/paths" "^4.1.1"
    tslib "^2.0.0"

"@thi.ng/binary@^2.0.10":
  version "2.0.10"
  resolved "https://registry.yarnpkg.com/@thi.ng/binary/-/binary-2.0.10.tgz#9c38eb3654a27387be80bc83367540a6ba4b7e28"
  integrity sha512-FrJp6Xj7Vkcb6yt3jTYoInTh2iEKvYuUsZzwVJWymIXjZ8paR/OJakNamJW0Z3IepbtyeDACGIWFoaqHnPOq9w==
  dependencies:
    tslib "^2.0.0"

"@thi.ng/checks@^2.7.3":
  version "2.7.3"
  resolved "https://registry.yarnpkg.com/@thi.ng/checks/-/checks-2.7.3.tgz#6775a184000e6beb67539ba9b6d0f24b948a53df"
  integrity sha512-i+3qe3zADdYuyFfclM4EOpHWM8Gj8Tiqrw6TzNG9JBxiaBBySPu9y/DQslVXrrT1Zvv9BBidVV+h63Fj4VWqLw==
  dependencies:
    tslib "^2.0.0"

"@thi.ng/color@^1.2.8":
  version "1.2.8"
  resolved "https://registry.yarnpkg.com/@thi.ng/color/-/color-1.2.8.tgz#147cc5cd171c4fdda86c0e4a1e44253cdcb15bd4"
  integrity sha512-Vcdp9HcEt688D9GaFdNvuWPv8blEsbLlMdqCg424SVin4v6/BSQA/hEEYaEF6gd1cH4KKSOUGTv4fOxrcbGV5Q==
  dependencies:
    "@thi.ng/api" "^6.11.3"
    "@thi.ng/checks" "^2.7.3"
    "@thi.ng/compose" "^1.4.12"
    "@thi.ng/defmulti" "^1.2.20"
    "@thi.ng/errors" "^1.2.16"
    "@thi.ng/math" "^1.7.13"
    "@thi.ng/strings" "^1.9.0"
    "@thi.ng/transducers" "^7.1.5"
    "@thi.ng/vectors" "^4.5.4"

"@thi.ng/compare@^1.3.11":
  version "1.3.11"
  resolved "https://registry.yarnpkg.com/@thi.ng/compare/-/compare-1.3.11.tgz#a0474e9548d83e7732a210cabd56e58f9d666ccd"
  integrity sha512-MybUrorv2LloeZj1HnHIQ1XTW/B3tx4CeRWtiVu4AJQtN48pL6TaMwda3nZGvC3v80a+yBncIb3BifQ6YTPSKw==
  dependencies:
    "@thi.ng/api" "^6.11.3"

"@thi.ng/compose@^1.4.12":
  version "1.4.12"
  resolved "https://registry.yarnpkg.com/@thi.ng/compose/-/compose-1.4.12.tgz#c7e8b345010f98edc1c3fbca89a1f8958e489dc2"
  integrity sha512-/Xr9Leezc2E9VT6GEc+y/8EjjxDCNqWFGQq2BrlvJFCYNKHAGIJhjpEgZ8ugpdKKhrWhNNnqm0sIr0n1jea9hA==
  dependencies:
    "@thi.ng/api" "^6.11.3"
    "@thi.ng/errors" "^1.2.16"

"@thi.ng/dcons@^2.2.25":
  version "2.2.25"
  resolved "https://registry.yarnpkg.com/@thi.ng/dcons/-/dcons-2.2.25.tgz#8e5d95e147994d9646a0a03a0b4eb3825aff8f51"
  integrity sha512-vMOPaJtLCHXXZXlR4GS2vXt8y9Dk2LMxTmdI9XmQo3Me1y7CLeO/4nSvZEfc8VhQ+B0+g4YNJ+DvZGQ1AI553A==
  dependencies:
    "@thi.ng/api" "^6.11.3"
    "@thi.ng/checks" "^2.7.3"
    "@thi.ng/compare" "^1.3.11"
    "@thi.ng/equiv" "^1.0.26"
    "@thi.ng/errors" "^1.2.16"
    "@thi.ng/random" "^1.4.14"
    "@thi.ng/transducers" "^7.1.5"

"@thi.ng/defmulti@^1.2.20":
  version "1.2.20"
  resolved "https://registry.yarnpkg.com/@thi.ng/defmulti/-/defmulti-1.2.20.tgz#e656c9c3f732a5c161d604d72f37708384fe9227"
  integrity sha512-LOFW14GtmK3QS1+KQns5VQsqnR+ghNQNRvNypXBYHaa6aZEPey/NZbMTZ9NfKZvFDiAZCIFOLlM1zsJUxyUAKQ==
  dependencies:
    "@thi.ng/api" "^6.11.3"
    "@thi.ng/errors" "^1.2.16"

"@thi.ng/diff@^3.2.26":
  version "3.2.26"
  resolved "https://registry.yarnpkg.com/@thi.ng/diff/-/diff-3.2.26.tgz#294fc628ff31925d7a2bbc142116b5aad8decfcb"
  integrity sha512-exA2R3vjzFZmpnDB951qdHTz/y7Tor3HQqfPvwmHB66SE7khbE/hfqwdh16F+2sFpKT1mEyx3pIX+RwnhXtpJw==
  dependencies:
    "@thi.ng/api" "^6.11.3"
    "@thi.ng/equiv" "^1.0.26"

"@thi.ng/equiv@^1.0.26":
  version "1.0.26"
  resolved "https://registry.yarnpkg.com/@thi.ng/equiv/-/equiv-1.0.26.tgz#52f11e9a58dc724af940898cf1b43facb799f688"
  integrity sha512-qNLv/bo/+RD8DzT5KuM3JPc/wf5PFRBzUdZrFl6eaahWpiKsLOJ0ac+yTpR1bJE0RuvGt6dStC6UP3e/7R3xRw==

"@thi.ng/errors@^1.2.16":
  version "1.2.16"
  resolved "https://registry.yarnpkg.com/@thi.ng/errors/-/errors-1.2.16.tgz#699d791026ecccbe53a541d0e18eda2411e09a5c"
  integrity sha512-0hKBOyCz8BhcwTQ7ggRCp8K/vDTxSNQvdT9AK4bQhL2c93r8VdIm13tkTYroekxZXtFwmT5HmhCDt9KKWzQDEg==
  dependencies:
    tslib "^2.0.0"

"@thi.ng/geom-api@^1.0.26":
  version "1.0.26"
  resolved "https://registry.yarnpkg.com/@thi.ng/geom-api/-/geom-api-1.0.26.tgz#27a743fcda8e9810187f3513b9c07e0bc6a7092e"
  integrity sha512-1NDrRL0UeOBPlKEueUZGfC/4n0zqr+rietjgGYBMSTIJabQyg9zncAekAPfd1Rk3AH9wsWzS1GOLfFhYZ8z/8g==
  dependencies:
    "@thi.ng/api" "^6.11.3"
    "@thi.ng/vectors" "^4.5.4"

"@thi.ng/geom-arc@^0.3.4":
  version "0.3.4"
  resolved "https://registry.yarnpkg.com/@thi.ng/geom-arc/-/geom-arc-0.3.4.tgz#30bf2f97013487bb5a9fc4ab3df8f877d05dc238"
  integrity sha512-p2MvBxdNywlpk+RVYctqkE6FlNiwhVgIsOf4LUZRtPsiH9Jg3ltpKikYX84+SaCisXFnfqLJXRTOdAv6j0mIuw==
  dependencies:
    "@thi.ng/checks" "^2.7.3"
    "@thi.ng/geom-api" "^1.0.26"
    "@thi.ng/geom-resample" "^0.2.37"
    "@thi.ng/math" "^1.7.13"
    "@thi.ng/vectors" "^4.5.4"

"@thi.ng/geom-clip-line@^1.1.4":
  version "1.1.4"
  resolved "https://registry.yarnpkg.com/@thi.ng/geom-clip-line/-/geom-clip-line-1.1.4.tgz#d73076b18b9caa1f9e9248b43d482f3b04999886"
  integrity sha512-ED2l4HObFKDoB9MIbdtBzWbNHZOCvLvbMhPAYFyM/NlIcTtadNi6My2gMy7LvgAgZ+KJBa5dr4aZl27g8Vj0uQ==
  dependencies:
    "@thi.ng/geom-isec" "^0.4.26"
    "@thi.ng/vectors" "^4.5.4"

"@thi.ng/geom-clip-poly@^1.0.24":
  version "1.0.24"
  resolved "https://registry.yarnpkg.com/@thi.ng/geom-clip-poly/-/geom-clip-poly-1.0.24.tgz#125fa7cc045734b66339155f3252e116db83558b"
  integrity sha512-ovFR2KqkQqoH1VAx3oPoPi+EQ2/Y2HZA25Gt/4ADNMeHMjzK3NCRsmaFJTJKm6HiQCb4LciTEVbi2AkpE4UcYQ==
  dependencies:
    "@thi.ng/geom-isec" "^0.4.26"
    "@thi.ng/geom-poly-utils" "^0.1.55"
    "@thi.ng/math" "^1.7.13"
    "@thi.ng/vectors" "^4.5.4"

"@thi.ng/geom-closest-point@^0.3.37":
  version "0.3.37"
  resolved "https://registry.yarnpkg.com/@thi.ng/geom-closest-point/-/geom-closest-point-0.3.37.tgz#fcb58f96fd9fcca3e046cbbf023382bd1cb3ae20"
  integrity sha512-3r/bhdFhH6q+HBpIRItt5V93Dfoezmg4i7z/SWH8MQqD8IvQjvrXCdH5nGwZuR0HCgRimp13LS4RtwhFU5u/5A==
  dependencies:
    "@thi.ng/math" "^1.7.13"
    "@thi.ng/vectors" "^4.5.4"

"@thi.ng/geom-hull@^0.0.57":
  version "0.0.57"
  resolved "https://registry.yarnpkg.com/@thi.ng/geom-hull/-/geom-hull-0.0.57.tgz#2cc0ace288b4283ad73d6aba995aa5828e7bb262"
  integrity sha512-zv2koLR+fkZEr/q3WZHllBtUIIaaw3nsMxLP3MkJBQG63aOdJQ4Hu0X3LPEIOWC+vbTgcqgfM/bsSL2RmLwklg==
  dependencies:
    "@thi.ng/math" "^1.7.13"
    "@thi.ng/vectors" "^4.5.4"

"@thi.ng/geom-isec@^0.4.26":
  version "0.4.26"
  resolved "https://registry.yarnpkg.com/@thi.ng/geom-isec/-/geom-isec-0.4.26.tgz#2b07fccbbc45622dae59bdde07f2899ab5b20a3a"
  integrity sha512-cxCbahfeURXRXgoQ/osGHuYpxTK1cRPzBsWp/JP0x1KZPObOJTiPFnMhNCAGtpCG7ib1PmZ8zKzpn+d9UX7Gew==
  dependencies:
    "@thi.ng/api" "^6.11.3"
    "@thi.ng/geom-api" "^1.0.26"
    "@thi.ng/geom-closest-point" "^0.3.37"
    "@thi.ng/math" "^1.7.13"
    "@thi.ng/vectors" "^4.5.4"

"@thi.ng/geom-poly-utils@^0.1.55":
  version "0.1.55"
  resolved "https://registry.yarnpkg.com/@thi.ng/geom-poly-utils/-/geom-poly-utils-0.1.55.tgz#c2183eb2d3130bb7e6ac70b69cb6927934618cb3"
  integrity sha512-Jpfo8fnNY/c3jQ+RcKp1U0gmihAhsm8SELMZpA/g6BrkA9ulQ8PdF6x1Yl7w94paMOvh7KTn+TjcqCIqiTJAyw==
  dependencies:
    "@thi.ng/errors" "^1.2.16"
    "@thi.ng/geom-api" "^1.0.26"
    "@thi.ng/math" "^1.7.13"
    "@thi.ng/vectors" "^4.5.4"

"@thi.ng/geom-resample@^0.2.37":
  version "0.2.37"
  resolved "https://registry.yarnpkg.com/@thi.ng/geom-resample/-/geom-resample-0.2.37.tgz#4701a2b49ba7cb925e4f42f0c78b8f44f385b163"
  integrity sha512-32QJN9ZI5jWpv61S75nmvjZqjnQIvPBwL94cz7iX6WvORYklW83/hhe93Y+2V+Q/ddT6SybBTO3aFkJAOxZEOg==
  dependencies:
    "@thi.ng/checks" "^2.7.3"
    "@thi.ng/geom-api" "^1.0.26"
    "@thi.ng/geom-closest-point" "^0.3.37"
    "@thi.ng/math" "^1.7.13"
    "@thi.ng/vectors" "^4.5.4"

"@thi.ng/geom-splines@^0.5.24":
  version "0.5.24"
  resolved "https://registry.yarnpkg.com/@thi.ng/geom-splines/-/geom-splines-0.5.24.tgz#c15676c4e41e938fe6ef3d8903ac0db5b0e12f5d"
  integrity sha512-DVnwEGcT6T59u4//ube7C9MDWNo95OwmhhZgvFpCBkRFdAa4TlA4v0PMWXkfHJaV+4s0flpPhB25KPeF0QdJsw==
  dependencies:
    "@thi.ng/api" "^6.11.3"
    "@thi.ng/checks" "^2.7.3"
    "@thi.ng/geom-api" "^1.0.26"
    "@thi.ng/geom-arc" "^0.3.4"
    "@thi.ng/geom-resample" "^0.2.37"
    "@thi.ng/math" "^1.7.13"
    "@thi.ng/vectors" "^4.5.4"

"@thi.ng/geom-subdiv-curve@^0.1.54":
  version "0.1.54"
  resolved "https://registry.yarnpkg.com/@thi.ng/geom-subdiv-curve/-/geom-subdiv-curve-0.1.54.tgz#afecdf7cc184710785f72225904d9bdb7701a8e1"
  integrity sha512-9buQj5wqIwtmfqrAj+HOdeiz8vD8uyUdG+PoS30YVk6EzqX5PqfX2tvCUii4v1D6qBmU7YdVBMHnTvBeyr7nxQ==
  dependencies:
    "@thi.ng/geom-api" "^1.0.26"
    "@thi.ng/transducers" "^7.1.5"
    "@thi.ng/vectors" "^4.5.4"

"@thi.ng/geom-tessellate@^0.2.37":
  version "0.2.37"
  resolved "https://registry.yarnpkg.com/@thi.ng/geom-tessellate/-/geom-tessellate-0.2.37.tgz#094c7be13ff7e104bc2cefb824c71dae30fee0d5"
  integrity sha512-R3IvzsjkXPp4CFwQ0EJEjWwQ4sg4JK9HuVVX6OnqsjBgmy8P+Vglc6J/++JV+udCrGBH46ctvN1d6nIQnWYwCg==
  dependencies:
    "@thi.ng/checks" "^2.7.3"
    "@thi.ng/geom-api" "^1.0.26"
    "@thi.ng/geom-isec" "^0.4.26"
    "@thi.ng/geom-poly-utils" "^0.1.55"
    "@thi.ng/transducers" "^7.1.5"
    "@thi.ng/vectors" "^4.5.4"

"@thi.ng/geom@^1.10.7":
  version "1.10.7"
  resolved "https://registry.yarnpkg.com/@thi.ng/geom/-/geom-1.10.7.tgz#a51f86f44be1e12e4414eed33705719bb6b59230"
  integrity sha512-+GrjHafG8aQQzmSq9qfcFiK4n+ld0HZ0T7hR3jV9wgmGgtpVavZdwgJMfxz9VvX9wGEGtmuid1BwznhDIK2h1Q==
  dependencies:
    "@thi.ng/api" "^6.11.3"
    "@thi.ng/arrays" "^0.6.12"
    "@thi.ng/checks" "^2.7.3"
    "@thi.ng/defmulti" "^1.2.20"
    "@thi.ng/equiv" "^1.0.26"
    "@thi.ng/errors" "^1.2.16"
    "@thi.ng/geom-api" "^1.0.26"
    "@thi.ng/geom-arc" "^0.3.4"
    "@thi.ng/geom-clip-line" "^1.1.4"
    "@thi.ng/geom-clip-poly" "^1.0.24"
    "@thi.ng/geom-closest-point" "^0.3.37"
    "@thi.ng/geom-hull" "^0.0.57"
    "@thi.ng/geom-isec" "^0.4.26"
    "@thi.ng/geom-poly-utils" "^0.1.55"
    "@thi.ng/geom-resample" "^0.2.37"
    "@thi.ng/geom-splines" "^0.5.24"
    "@thi.ng/geom-subdiv-curve" "^0.1.54"
    "@thi.ng/geom-tessellate" "^0.2.37"
    "@thi.ng/hiccup" "^3.5.4"
    "@thi.ng/hiccup-svg" "^3.5.4"
    "@thi.ng/math" "^1.7.13"
    "@thi.ng/matrices" "^0.6.24"
    "@thi.ng/random" "^1.4.14"
    "@thi.ng/strings" "^1.9.0"
    "@thi.ng/transducers" "^7.1.5"
    "@thi.ng/vectors" "^4.5.4"

"@thi.ng/hdom@^8.2.4":
  version "8.2.4"
  resolved "https://registry.yarnpkg.com/@thi.ng/hdom/-/hdom-8.2.4.tgz#e3facd06ee7eb6bbc9cdcca9dd028f45356ff176"
  integrity sha512-xJil6UntU3t8TeFJbHEOFVmGDFDIVPam87DsUVExM8968Zyb17g9N/Fgy75id293c/4aSIk8S3EkrKohGhfTSg==
  dependencies:
    "@thi.ng/api" "^6.11.3"
    "@thi.ng/checks" "^2.7.3"
    "@thi.ng/diff" "^3.2.26"
    "@thi.ng/equiv" "^1.0.26"
    "@thi.ng/errors" "^1.2.16"
    "@thi.ng/hiccup" "^3.5.4"
    "@thi.ng/prefixes" "^0.1.0"

"@thi.ng/hiccup-svg@^3.5.4":
  version "3.5.4"
  resolved "https://registry.yarnpkg.com/@thi.ng/hiccup-svg/-/hiccup-svg-3.5.4.tgz#6009ba6935029d48c508ea9e21f29d7d380e2e73"
  integrity sha512-xCvBlUk7nY3YgGFLNHPq9ZHJLbS1DlTZfRWnTDHz7FTx032jSusYtbiwjgH6C/GN93+oFPTsMmFg46NRKUFHWw==
  dependencies:
    "@thi.ng/checks" "^2.7.3"
    "@thi.ng/color" "^1.2.8"
    "@thi.ng/prefixes" "^0.1.0"

"@thi.ng/hiccup@^3.5.4":
  version "3.5.4"
  resolved "https://registry.yarnpkg.com/@thi.ng/hiccup/-/hiccup-3.5.4.tgz#b69d0f4ce1fa67ef666846591142f001a3d3166c"
  integrity sha512-xH0udbqtQnAwo4qABH1878VZ3SLsbxFuXY1zkbbdUz8zRJXFqtHxcjTISbbDVH/o+Rfj3jGJ3YjJbLrKOftDMg==
  dependencies:
    "@thi.ng/api" "^6.11.3"
    "@thi.ng/checks" "^2.7.3"
    "@thi.ng/errors" "^1.2.16"
    "@thi.ng/prefixes" "^0.1.0"

"@thi.ng/math@^1.7.13":
  version "1.7.13"
  resolved "https://registry.yarnpkg.com/@thi.ng/math/-/math-1.7.13.tgz#15a9f6dcc1d086efac1c02899dd3984c722ec178"
  integrity sha512-utvwnH5It+4xSypP3sob1sqHpLajbYkCXI5gR8v1kUL+oYQo6Vo6I6oYADCfd3Vr2XHitjP7kWe2dh0WkD0g/A==
  dependencies:
    tslib "^2.0.0"

"@thi.ng/matrices@^0.6.24", "@thi.ng/matrices@^0.6.7":
  version "0.6.24"
  resolved "https://registry.yarnpkg.com/@thi.ng/matrices/-/matrices-0.6.24.tgz#fa0eedb898c758c9c04ed6ec2cd2ebafdc3ff847"
  integrity sha512-a3TAVAcaaFn5wSamtuAqWUqS8LErMXSnGusiHFgnA7grJYLehgzBsvmiweRMR9QoN3VxjmEaTNfZK/NlcSC2qg==
  dependencies:
    "@thi.ng/api" "^6.11.3"
    "@thi.ng/checks" "^2.7.3"
    "@thi.ng/math" "^1.7.13"
    "@thi.ng/vectors" "^4.5.4"

"@thi.ng/memoize@^2.0.16":
  version "2.0.16"
  resolved "https://registry.yarnpkg.com/@thi.ng/memoize/-/memoize-2.0.16.tgz#63e3926b7c14b1d8c16875ffc11dfdfdd09006c6"
  integrity sha512-YMWsfIPBgtPVZIJ3OfaGgTslYWNyTyzQniQ2eFDAWzkJZZ6SoyBwvsLPVknUOhzSRgAscOyxH090Jb7lL9MWCg==
  dependencies:
    "@thi.ng/api" "^6.11.3"

"@thi.ng/paths@^4.1.1":
  version "4.1.1"
  resolved "https://registry.yarnpkg.com/@thi.ng/paths/-/paths-4.1.1.tgz#aca6adc5576876b80a063ae5d777d88b77591d6f"
  integrity sha512-oIVFKpFq3fnOu0heJWMIWfAKfrvMjAD/wKuIoSUhoQEYWSLDu7GOGH0RvViEP68/lOENFLUN1U03Q5VB7NWWCw==
  dependencies:
    "@thi.ng/api" "^6.11.3"
    "@thi.ng/checks" "^2.7.3"
    "@thi.ng/errors" "^1.2.16"

"@thi.ng/prefixes@^0.1.0":
  version "0.1.0"
  resolved "https://registry.yarnpkg.com/@thi.ng/prefixes/-/prefixes-0.1.0.tgz#c1c2a0ce32ed06a0d5d7e655081d77744f2906e1"
  integrity sha512-LdRecU67YysZ9sncMmGbm43R0hJHs5KguBthNbIUdjXpxoEbgHiduHUX+kCfEx9D3zR34fguJDdP8avIyFmM/w==

"@thi.ng/random@^1.4.14":
  version "1.4.14"
  resolved "https://registry.yarnpkg.com/@thi.ng/random/-/random-1.4.14.tgz#edefe65f2633bb6e2fd87da48d04b5882a17d786"
  integrity sha512-fMfyCypT4aTjxk+0ydmJw7+lR0Rm1UhPICII7QBWQkia/mBBaGj8HzKi2wCQAFy27AIP7bx46wW+DC4PhtVd/A==
  dependencies:
    "@thi.ng/api" "^6.11.3"
    "@thi.ng/checks" "^2.7.3"

"@thi.ng/rstream@^4.6.1":
  version "4.6.1"
  resolved "https://registry.yarnpkg.com/@thi.ng/rstream/-/rstream-4.6.1.tgz#e578a6760db3fdc2d208dcd536f2ada1b68fc6a4"
  integrity sha512-Lw93zPnhZKmqaSNBWwPEXi+ZnE8X+8iISMUKtoYKy4jyuieKFDUCimXWXMtqh3B+3b3DYJ+S/XpL1CwEuSoLqQ==
  dependencies:
    "@thi.ng/api" "^6.11.3"
    "@thi.ng/arrays" "^0.6.12"
    "@thi.ng/associative" "^4.4.1"
    "@thi.ng/atom" "^4.1.15"
    "@thi.ng/checks" "^2.7.3"
    "@thi.ng/errors" "^1.2.16"
    "@thi.ng/transducers" "^7.1.5"

"@thi.ng/strings@^1.9.0":
  version "1.9.0"
  resolved "https://registry.yarnpkg.com/@thi.ng/strings/-/strings-1.9.0.tgz#3d87431cf20ec95fbc2d3a081bfcddcde210be5d"
  integrity sha512-YbUTqJfXwSGPajeMeMZV3VmeTQEMqCgHtPfh5oO7k2d8gox1K9soXLVeWDjH2bwtjUNK+lWT1z8qkHtZIgFbLw==
  dependencies:
    "@thi.ng/api" "^6.11.3"
    "@thi.ng/errors" "^1.2.16"
    "@thi.ng/memoize" "^2.0.16"

"@thi.ng/transducers-hdom@^2.0.64":
  version "2.0.64"
  resolved "https://registry.yarnpkg.com/@thi.ng/transducers-hdom/-/transducers-hdom-2.0.64.tgz#80c160aecf898cd86fdf5031e9e7704aa1e0b482"
  integrity sha512-c7K5hPGjf0IgzNaeAObU7Z8a4xhQJlDhD8PBGd7LZ+og+mVYosHTmYj8Tv+GLzXGddEFEMfzf3FyudTQrZP7ZQ==
  dependencies:
    "@thi.ng/hdom" "^8.2.4"
    "@thi.ng/hiccup" "^3.5.4"
    "@thi.ng/transducers" "^7.1.5"

"@thi.ng/transducers@^7.1.5":
  version "7.1.5"
  resolved "https://registry.yarnpkg.com/@thi.ng/transducers/-/transducers-7.1.5.tgz#c028d17ed618bbc286f339a36cd626daf5217721"
  integrity sha512-yVn8hCf5gNkpo6FIvzvgXyWDgy+dqf2RHV7lIt1mO0H53F0eaVb7G+z222JgWGgsz4vIjId5XQWA+J96lLwvIA==
  dependencies:
    "@thi.ng/api" "^6.11.3"
    "@thi.ng/arrays" "^0.6.12"
    "@thi.ng/checks" "^2.7.3"
    "@thi.ng/compare" "^1.3.11"
    "@thi.ng/compose" "^1.4.12"
    "@thi.ng/errors" "^1.2.16"
    "@thi.ng/math" "^1.7.13"
    "@thi.ng/random" "^1.4.14"

"@thi.ng/vectors@^4.2.4", "@thi.ng/vectors@^4.5.4":
  version "4.5.4"
  resolved "https://registry.yarnpkg.com/@thi.ng/vectors/-/vectors-4.5.4.tgz#3ea42432c3f440b4b563be8a72325f643eab26c0"
  integrity sha512-5SKCcwBoM2CZFTOj8hcMXBn1FOfZBiKGZUYoNKfurYUh/TlsA5v6cAXW/3ObXykrA2qyxl39ViUJuomukhduQA==
  dependencies:
    "@thi.ng/api" "^6.11.3"
    "@thi.ng/binary" "^2.0.10"
    "@thi.ng/checks" "^2.7.3"
    "@thi.ng/equiv" "^1.0.26"
    "@thi.ng/errors" "^1.2.16"
    "@thi.ng/math" "^1.7.13"
    "@thi.ng/memoize" "^2.0.16"
    "@thi.ng/random" "^1.4.14"
    "@thi.ng/transducers" "^7.1.5"

"@types/node@^13.11.0":
  version "13.13.14"
  resolved "https://registry.yarnpkg.com/@types/node/-/node-13.13.14.tgz#20cd7d2a98f0c3b08d379f4ea9e6b315d2019529"
  integrity sha512-Az3QsOt1U/K1pbCQ0TXGELTuTkPLOiFIQf3ILzbOyo0FqgV9SxRnxbxM5QlAveERZMHpZY+7u3Jz2tKyl+yg6g==

tslib@^2.0.0:
  version "2.0.0"
  resolved "https://registry.yarnpkg.com/tslib/-/tslib-2.0.0.tgz#18d13fc2dce04051e20f074cc8387fd8089ce4f3"
  integrity sha512-lTqkx847PI7xEDYJntxZH89L2/aXInsyF2luSafe/+0fHOMjlBNXdH6th7f70qxLDhul7KZK0zC8V5ZIyHl0/g==

typescript@^3.8.3:
  version "3.9.6"
  resolved "https://registry.yarnpkg.com/typescript/-/typescript-3.9.6.tgz#8f3e0198a34c3ae17091b35571d3afd31999365a"
  integrity sha512-Pspx3oKAPJtjNwE92YS05HQoY7z2SFyOpHo9MqJor3BXAGNaPUs83CuVp9VISFkSjyRfiTpmKuAYGJB7S7hOxw==
